
Microsoft Visual Studio Solution File, Format Version 12.00
# Visual Studio 2013
VisualStudioVersion = 12.0.30723.0
MinimumVisualStudioVersion = 10.0.40219.1
Project("{FAE04EC0-301F-11D3-BF4B-00C04F79EFBC}") = "MVC.Demo", "MVC.Demo\MVC.Demo.csproj", "{BE00EC7A-2D3B-46C1-AE02-41EE3F42FA41}"
EndProject
Project("{FAE04EC0-301F-11D3-BF4B-00C04F79EFBC}") = "MVC.Demo.Tests", "MVC.Demo.Tests\MVC.Demo.Tests.csproj", "{B69743D1-3F6D-433A-A5CC-43089851B2A1}"
EndProject
Global
	GlobalSection(SolutionConfigurationPlatforms) = preSolution
		Debug|Any CPU = Debug|Any CPU
		Release|Any CPU = Release|Any CPU
	EndGlobalSection
	GlobalSection(ProjectConfigurationPlatforms) = postSolution
		{BE00EC7A-2D3B-46C1-AE02-41EE3F42FA41}.Debug|Any CPU.ActiveCfg = Debug|Any CPU
		{BE00EC7A-2D3B-46C1-AE02-41EE3F42FA41}.Debug|Any CPU.Build.0 = Debug|Any CPU
		{BE00EC7A-2D3B-46C1-AE02-41EE3F42FA41}.Release|Any CPU.ActiveCfg = Release|Any CPU
		{BE00EC7A-2D3B-46C1-AE02-41EE3F42FA41}.Release|Any CPU.Build.0 = Release|Any CPU
		{B69743D1-3F6D-433A-A5CC-43089851B2A1}.Debug|Any CPU.ActiveCfg = Debug|Any CPU
		{B69743D1-3F6D-433A-A5CC-43089851B2A1}.Debug|Any CPU.Build.0 = Debug|Any CPU
		{B69743D1-3F6D-433A-A5CC-43089851B2A1}.Release|Any CPU.ActiveCfg = Release|Any CPU
		{B69743D1-3F6D-433A-A5CC-43089851B2A1}.Release|Any CPU.Build.0 = Release|Any CPU
	EndGlobalSection
	GlobalSection(SolutionProperties) = preSolution
		HideSolutionNode = FALSE
	EndGlobalSection
EndGlobal
